// !$*UTF8*$!
{
	archiveVersion = 1;
	classes = {
	};
	objectVersion = 50;
	objects = {

/* Begin PBXBuildFile section */
		4D68813324C6AE4400494532 /* AppDelegate.swift in Sources */ = {isa = PBXBuildFile; fileRef = 4D68813224C6AE4400494532 /* AppDelegate.swift */; };
		4D68813724C6AE4400494532 /* ViewController.swift in Sources */ = {isa = PBXBuildFile; fileRef = 4D68813624C6AE4400494532 /* ViewController.swift */; };
		4D68813A24C6AE4400494532 /* Main.storyboard in Resources */ = {isa = PBXBuildFile; fileRef = 4D68813824C6AE4400494532 /* Main.storyboard */; };
		4D68813C24C6AE4500494532 /* Assets.xcassets in Resources */ = {isa = PBXBuildFile; fileRef = 4D68813B24C6AE4500494532 /* Assets.xcassets */; };
		4D68813F24C6AE4500494532 /* LaunchScreen.storyboard in Resources */ = {isa = PBXBuildFile; fileRef = 4D68813D24C6AE4500494532 /* LaunchScreen.storyboard */; };
		4D68814A24C6AE4600494532 /* SpiderTests.swift in Sources */ = {isa = PBXBuildFile; fileRef = 4D68814924C6AE4600494532 /* SpiderTests.swift */; };
		4D68815524C6AE4600494532 /* SpiderUITests.swift in Sources */ = {isa = PBXBuildFile; fileRef = 4D68815424C6AE4600494532 /* SpiderUITests.swift */; };
		4D68816324C6B0BF00494532 /* www in Resources */ = {isa = PBXBuildFile; fileRef = 4D68816224C6B0BF00494532 /* www */; };
/* End PBXBuildFile section */

/* Begin PBXContainerItemProxy section */
		4D68814624C6AE4600494532 /* PBXContainerItemProxy */ = {
			isa = PBXContainerItemProxy;
			containerPortal = 4D68812724C6AE4400494532 /* Project object */;
			proxyType = 1;
			remoteGlobalIDString = 4D68812E24C6AE4400494532;
			remoteInfo = Spider;
		};
		4D68815124C6AE4600494532 /* PBXContainerItemProxy */ = {
			isa = PBXContainerItemProxy;
			containerPortal = 4D68812724C6AE4400494532 /* Project object */;
			proxyType = 1;
			remoteGlobalIDString = 4D68812E24C6AE4400494532;
			remoteInfo = Spider;
		};
/* End PBXContainerItemProxy section */

/* Begin PBXFileReference section */
		4D68812F24C6AE4400494532 /* Spider.app */ = {isa = PBXFileReference; explicitFileType = wrapper.application; includeInIndex = 0; path = Spider.app; sourceTree = BUILT_PRODUCTS_DIR; };
		4D68813224C6AE4400494532 /* AppDelegate.swift */ = {isa = PBXFileReference; lastKnownFileType = sourcecode.swift; path = AppDelegate.swift; sourceTree = "<group>"; };
		4D68813624C6AE4400494532 /* ViewController.swift */ = {isa = PBXFileReference; lastKnownFileType = sourcecode.swift; path = ViewController.swift; sourceTree = "<group>"; };
		4D68813924C6AE4400494532 /* Base */ = {isa = PBXFileReference; lastKnownFileType = file.storyboard; name = Base; path = Base.lproj/Main.storyboard; sourceTree = "<group>"; };
		4D68813B24C6AE4500494532 /* Assets.xcassets */ = {isa = PBXFileReference; lastKnownFileType = folder.assetcatalog; path = Assets.xcassets; sourceTree = "<group>"; };
		4D68813E24C6AE4500494532 /* Base */ = {isa = PBXFileReference; lastKnownFileType = file.storyboard; name = Base; path = Base.lproj/LaunchScreen.storyboard; sourceTree = "<group>"; };
		4D68814024C6AE4600494532 /* Info.plist */ = {isa = PBXFileReference; lastKnownFileType = text.plist.xml; path = Info.plist; sourceTree = "<group>"; };
		4D68814524C6AE4600494532 /* SpiderTests.xctest */ = {isa = PBXFileReference; explicitFileType = wrapper.cfbundle; includeInIndex = 0; path = SpiderTests.xctest; sourceTree = BUILT_PRODUCTS_DIR; };
		4D68814924C6AE4600494532 /* SpiderTests.swift */ = {isa = PBXFileReference; lastKnownFileType = sourcecode.swift; path = SpiderTests.swift; sourceTree = "<group>"; };
		4D68814B24C6AE4600494532 /* Info.plist */ = {isa = PBXFileReference; lastKnownFileType = text.plist.xml; path = Info.plist; sourceTree = "<group>"; };
		4D68815024C6AE4600494532 /* SpiderUITests.xctest */ = {isa = PBXFileReference; explicitFileType = wrapper.cfbundle; includeInIndex = 0; path = SpiderUITests.xctest; sourceTree = BUILT_PRODUCTS_DIR; };
		4D68815424C6AE4600494532 /* SpiderUITests.swift */ = {isa = PBXFileReference; lastKnownFileType = sourcecode.swift; path = SpiderUITests.swift; sourceTree = "<group>"; };
		4D68815624C6AE4600494532 /* Info.plist */ = {isa = PBXFileReference; lastKnownFileType = text.plist.xml; path = Info.plist; sourceTree = "<group>"; };
		4D68816224C6B0BF00494532 /* www */ = {isa = PBXFileReference; lastKnownFileType = folder; path = www; sourceTree = "<group>"; };
/* End PBXFileReference section */

/* Begin PBXFrameworksBuildPhase section */
		4D68812C24C6AE4400494532 /* Frameworks */ = {
			isa = PBXFrameworksBuildPhase;
			buildActionMask = 2147483647;
			files = (
			);
			runOnlyForDeploymentPostprocessing = 0;
		};
		4D68814224C6AE4600494532 /* Frameworks */ = {
			isa = PBXFrameworksBuildPhase;
			buildActionMask = 2147483647;
			files = (
			);
			runOnlyForDeploymentPostprocessing = 0;
		};
		4D68814D24C6AE4600494532 /* Frameworks */ = {
			isa = PBXFrameworksBuildPhase;
			buildActionMask = 2147483647;
			files = (
			);
			runOnlyForDeploymentPostprocessing = 0;
		};
/* End PBXFrameworksBuildPhase section */

/* Begin PBXGroup section */
		4D68812624C6AE4400494532 = {
			isa = PBXGroup;
			children = (
				4D68816224C6B0BF00494532 /* www */,
				4D68813124C6AE4400494532 /* Spider */,
				4D68814824C6AE4600494532 /* SpiderTests */,
				4D68815324C6AE4600494532 /* SpiderUITests */,
				4D68813024C6AE4400494532 /* Products */,
			);
			sourceTree = "<group>";
		};
		4D68813024C6AE4400494532 /* Products */ = {
			isa = PBXGroup;
			children = (
				4D68812F24C6AE4400494532 /* Spider.app */,
				4D68814524C6AE4600494532 /* SpiderTests.xctest */,
				4D68815024C6AE4600494532 /* SpiderUITests.xctest */,
			);
			name = Products;
			sourceTree = "<group>";
		};
		4D68813124C6AE4400494532 /* Spider */ = {
			isa = PBXGroup;
			children = (
				4D68813224C6AE4400494532 /* AppDelegate.swift */,
				4D68813624C6AE4400494532 /* ViewController.swift */,
				4D68813824C6AE4400494532 /* Main.storyboard */,
				4D68813B24C6AE4500494532 /* Assets.xcassets */,
				4D68813D24C6AE4500494532 /* LaunchScreen.storyboard */,
				4D68814024C6AE4600494532 /* Info.plist */,
			);
			path = Spider;
			sourceTree = "<group>";
		};
		4D68814824C6AE4600494532 /* SpiderTests */ = {
			isa = PBXGroup;
			children = (
				4D68814924C6AE4600494532 /* SpiderTests.swift */,
				4D68814B24C6AE4600494532 /* Info.plist */,
			);
			path = SpiderTests;
			sourceTree = "<group>";
		};
		4D68815324C6AE4600494532 /* SpiderUITests */ = {
			isa = PBXGroup;
			children = (
				4D68815424C6AE4600494532 /* SpiderUITests.swift */,
				4D68815624C6AE4600494532 /* Info.plist */,
			);
			path = SpiderUITests;
			sourceTree = "<group>";
		};
/* End PBXGroup section */

/* Begin PBXNativeTarget section */
		4D68812E24C6AE4400494532 /* Spider */ = {
			isa = PBXNativeTarget;
			buildConfigurationList = 4D68815924C6AE4600494532 /* Build configuration list for PBXNativeTarget "Spider" */;
			buildPhases = (
				4D68812B24C6AE4400494532 /* Sources */,
				4D68812C24C6AE4400494532 /* Frameworks */,
				4D68812D24C6AE4400494532 /* Resources */,
			);
			buildRules = (
			);
			dependencies = (
			);
			name = Spider;
			productName = Spider;
			productReference = 4D68812F24C6AE4400494532 /* Spider.app */;
			productType = "com.apple.product-type.application";
		};
		4D68814424C6AE4600494532 /* SpiderTests */ = {
			isa = PBXNativeTarget;
			buildConfigurationList = 4D68815C24C6AE4600494532 /* Build configuration list for PBXNativeTarget "SpiderTests" */;
			buildPhases = (
				4D68814124C6AE4600494532 /* Sources */,
				4D68814224C6AE4600494532 /* Frameworks */,
				4D68814324C6AE4600494532 /* Resources */,
			);
			buildRules = (
			);
			dependencies = (
				4D68814724C6AE4600494532 /* PBXTargetDependency */,
			);
			name = SpiderTests;
			productName = SpiderTests;
			productReference = 4D68814524C6AE4600494532 /* SpiderTests.xctest */;
			productType = "com.apple.product-type.bundle.unit-test";
		};
		4D68814F24C6AE4600494532 /* SpiderUITests */ = {
			isa = PBXNativeTarget;
			buildConfigurationList = 4D68815F24C6AE4600494532 /* Build configuration list for PBXNativeTarget "SpiderUITests" */;
			buildPhases = (
				4D68814C24C6AE4600494532 /* Sources */,
				4D68814D24C6AE4600494532 /* Frameworks */,
				4D68814E24C6AE4600494532 /* Resources */,
			);
			buildRules = (
			);
			dependencies = (
				4D68815224C6AE4600494532 /* PBXTargetDependency */,
			);
			name = SpiderUITests;
			productName = SpiderUITests;
			productReference = 4D68815024C6AE4600494532 /* SpiderUITests.xctest */;
			productType = "com.apple.product-type.bundle.ui-testing";
		};
/* End PBXNativeTarget section */

/* Begin PBXProject section */
		4D68812724C6AE4400494532 /* Project object */ = {
			isa = PBXProject;
			attributes = {
				LastSwiftUpdateCheck = 1160;
				LastUpgradeCheck = 1160;
				ORGANIZATIONNAME = "Leonardo Javier Russo";
				TargetAttributes = {
					4D68812E24C6AE4400494532 = {
						CreatedOnToolsVersion = 11.6;
					};
					4D68814424C6AE4600494532 = {
						CreatedOnToolsVersion = 11.6;
						TestTargetID = 4D68812E24C6AE4400494532;
					};
					4D68814F24C6AE4600494532 = {
						CreatedOnToolsVersion = 11.6;
						TestTargetID = 4D68812E24C6AE4400494532;
					};
				};
			};
			buildConfigurationList = 4D68812A24C6AE4400494532 /* Build configuration list for PBXProject "Spider" */;
			compatibilityVersion = "Xcode 9.3";
			developmentRegion = en;
			hasScannedForEncodings = 0;
			knownRegions = (
				en,
				Base,
			);
			mainGroup = 4D68812624C6AE4400494532;
			productRefGroup = 4D68813024C6AE4400494532 /* Products */;
			projectDirPath = "";
			projectRoot = "";
			targets = (
				4D68812E24C6AE4400494532 /* Spider */,
				4D68814424C6AE4600494532 /* SpiderTests */,
				4D68814F24C6AE4600494532 /* SpiderUITests */,
			);
		};
/* End PBXProject section */

/* Begin PBXResourcesBuildPhase section */
		4D68812D24C6AE4400494532 /* Resources */ = {
			isa = PBXResourcesBuildPhase;
			buildActionMask = 2147483647;
			files = (
				4D68816324C6B0BF00494532 /* www in Resources */,
				4D68813F24C6AE4500494532 /* LaunchScreen.storyboard in Resources */,
				4D68813C24C6AE4500494532 /* Assets.xcassets in Resources */,
				4D68813A24C6AE4400494532 /* Main.storyboard in Resources */,
			);
			runOnlyForDeploymentPostprocessing = 0;
		};
		4D68814324C6AE4600494532 /* Resources */ = {
			isa = PBXResourcesBuildPhase;
			buildActionMask = 2147483647;
			files = (
			);
			runOnlyForDeploymentPostprocessing = 0;
		};
		4D68814E24C6AE4600494532 /* Resources */ = {
			isa = PBXResourcesBuildPhase;
			buildActionMask = 2147483647;
			files = (
			);
			runOnlyForDeploymentPostprocessing = 0;
		};
/* End PBXResourcesBuildPhase section */

/* Begin PBXSourcesBuildPhase section */
		4D68812B24C6AE4400494532 /* Sources */ = {
			isa = PBXSourcesBuildPhase;
			buildActionMask = 2147483647;
			files = (
				4D68813724C6AE4400494532 /* ViewController.swift in Sources */,
				4D68813324C6AE4400494532 /* AppDelegate.swift in Sources */,
			);
			runOnlyForDeploymentPostprocessing = 0;
		};
		4D68814124C6AE4600494532 /* Sources */ = {
			isa = PBXSourcesBuildPhase;
			buildActionMask = 2147483647;
			files = (
				4D68814A24C6AE4600494532 /* SpiderTests.swift in Sources */,
			);
			runOnlyForDeploymentPostprocessing = 0;
		};
		4D68814C24C6AE4600494532 /* Sources */ = {
			isa = PBXSourcesBuildPhase;
			buildActionMask = 2147483647;
			files = (
				4D68815524C6AE4600494532 /* SpiderUITests.swift in Sources */,
			);
			runOnlyForDeploymentPostprocessing = 0;
		};
/* End PBXSourcesBuildPhase section */

/* Begin PBXTargetDependency section */
		4D68814724C6AE4600494532 /* PBXTargetDependency */ = {
			isa = PBXTargetDependency;
			target = 4D68812E24C6AE4400494532 /* Spider */;
			targetProxy = 4D68814624C6AE4600494532 /* PBXContainerItemProxy */;
		};
		4D68815224C6AE4600494532 /* PBXTargetDependency */ = {
			isa = PBXTargetDependency;
			target = 4D68812E24C6AE4400494532 /* Spider */;
			targetProxy = 4D68815124C6AE4600494532 /* PBXContainerItemProxy */;
		};
/* End PBXTargetDependency section */

/* Begin PBXVariantGroup section */
		4D68813824C6AE4400494532 /* Main.storyboard */ = {
			isa = PBXVariantGroup;
			children = (
				4D68813924C6AE4400494532 /* Base */,
			);
			name = Main.storyboard;
			sourceTree = "<group>";
		};
		4D68813D24C6AE4500494532 /* LaunchScreen.storyboard */ = {
			isa = PBXVariantGroup;
			children = (
				4D68813E24C6AE4500494532 /* Base */,
			);
			name = LaunchScreen.storyboard;
			sourceTree = "<group>";
		};
/* End PBXVariantGroup section */

/* Begin XCBuildConfiguration section */
		4D68815724C6AE4600494532 /* Debug */ = {
			isa = XCBuildConfiguration;
			buildSettings = {
				ALWAYS_SEARCH_USER_PATHS = NO;
				CLANG_ANALYZER_NONNULL = YES;
				CLANG_ANALYZER_NUMBER_OBJECT_CONVERSION = YES_AGGRESSIVE;
				CLANG_CXX_LANGUAGE_STANDARD = "gnu++14";
				CLANG_CXX_LIBRARY = "libc++";
				CLANG_ENABLE_MODULES = YES;
				CLANG_ENABLE_OBJC_ARC = YES;
				CLANG_ENABLE_OBJC_WEAK = YES;
				CLANG_WARN_BLOCK_CAPTURE_AUTORELEASING = YES;
				CLANG_WARN_BOOL_CONVERSION = YES;
				CLANG_WARN_COMMA = YES;
				CLANG_WARN_CONSTANT_CONVERSION = YES;
				CLANG_WARN_DEPRECATED_OBJC_IMPLEMENTATIONS = YES;
				CLANG_WARN_DIRECT_OBJC_ISA_USAGE = YES_ERROR;
				CLANG_WARN_DOCUMENTATION_COMMENTS = YES;
				CLANG_WARN_EMPTY_BODY = YES;
				CLANG_WARN_ENUM_CONVERSION = YES;
				CLANG_WARN_INFINITE_RECURSION = YES;
				CLANG_WARN_INT_CONVERSION = YES;
				CLANG_WARN_NON_LITERAL_NULL_CONVERSION = YES;
				CLANG_WARN_OBJC_IMPLICIT_RETAIN_SELF = YES;
				CLANG_WARN_OBJC_LITERAL_CONVERSION = YES;
				CLANG_WARN_OBJC_ROOT_CLASS = YES_ERROR;
				CLANG_WARN_RANGE_LOOP_ANALYSIS = YES;
				CLANG_WARN_STRICT_PROTOTYPES = YES;
				CLANG_WARN_SUSPICIOUS_MOVE = YES;
				CLANG_WARN_UNGUARDED_AVAILABILITY = YES_AGGRESSIVE;
				CLANG_WARN_UNREACHABLE_CODE = YES;
				CLANG_WARN__DUPLICATE_METHOD_MATCH = YES;
				COPY_PHASE_STRIP = NO;
				DEBUG_INFORMATION_FORMAT = dwarf;
				ENABLE_STRICT_OBJC_MSGSEND = YES;
				ENABLE_TESTABILITY = YES;
				GCC_C_LANGUAGE_STANDARD = gnu11;
				GCC_DYNAMIC_NO_PIC = NO;
				GCC_NO_COMMON_BLOCKS = YES;
				GCC_OPTIMIZATION_LEVEL = 0;
				GCC_PREPROCESSOR_DEFINITIONS = (
					"DEBUG=1",
					"$(inherited)",
				);
				GCC_WARN_64_TO_32_BIT_CONVERSION = YES;
				GCC_WARN_ABOUT_RETURN_TYPE = YES_ERROR;
				GCC_WARN_UNDECLARED_SELECTOR = YES;
				GCC_WARN_UNINITIALIZED_AUTOS = YES_AGGRESSIVE;
				GCC_WARN_UNUSED_FUNCTION = YES;
				GCC_WARN_UNUSED_VARIABLE = YES;
				IPHONEOS_DEPLOYMENT_TARGET = 13.0;
				MTL_ENABLE_DEBUG_INFO = INCLUDE_SOURCE;
				MTL_FAST_MATH = YES;
				ONLY_ACTIVE_ARCH = YES;
				SDKROOT = iphoneos;
				SWIFT_ACTIVE_COMPILATION_CONDITIONS = DEBUG;
				SWIFT_OPTIMIZATION_LEVEL = "-Onone";
			};
			name = Debug;
		};
		4D68815824C6AE4600494532 /* Release */ = {
			isa = XCBuildConfiguration;
			buildSettings = {
				ALWAYS_SEARCH_USER_PATHS = NO;
				CLANG_ANALYZER_NONNULL = YES;
				CLANG_ANALYZER_NUMBER_OBJECT_CONVERSION = YES_AGGRESSIVE;
				CLANG_CXX_LANGUAGE_STANDARD = "gnu++14";
				CLANG_CXX_LIBRARY = "libc++";
				CLANG_ENABLE_MODULES = YES;
				CLANG_ENABLE_OBJC_ARC = YES;
				CLANG_ENABLE_OBJC_WEAK = YES;
				CLANG_WARN_BLOCK_CAPTURE_AUTORELEASING = YES;
				CLANG_WARN_BOOL_CONVERSION = YES;
				CLANG_WARN_COMMA = YES;
				CLANG_WARN_CONSTANT_CONVERSION = YES;
				CLANG_WARN_DEPRECATED_OBJC_IMPLEMENTATIONS = YES;
				CLANG_WARN_DIRECT_OBJC_ISA_USAGE = YES_ERROR;
				CLANG_WARN_DOCUMENTATION_COMMENTS = YES;
				CLANG_WARN_EMPTY_BODY = YES;
				CLANG_WARN_ENUM_CONVERSION = YES;
				CLANG_WARN_INFINITE_RECURSION = YES;
				CLANG_WARN_INT_CONVERSION = YES;
				CLANG_WARN_NON_LITERAL_NULL_CONVERSION = YES;
				CLANG_WARN_OBJC_IMPLICIT_RETAIN_SELF = YES;
				CLANG_WARN_OBJC_LITERAL_CONVERSION = YES;
				CLANG_WARN_OBJC_ROOT_CLASS = YES_ERROR;
				CLANG_WARN_RANGE_LOOP_ANALYSIS = YES;
				CLANG_WARN_STRICT_PROTOTYPES = YES;
				CLANG_WARN_SUSPICIOUS_MOVE = YES;
				CLANG_WARN_UNGUARDED_AVAILABILITY = YES_AGGRESSIVE;
				CLANG_WARN_UNREACHABLE_CODE = YES;
				CLANG_WARN__DUPLICATE_METHOD_MATCH = YES;
				COPY_PHASE_STRIP = NO;
				DEBUG_INFORMATION_FORMAT = "dwarf-with-dsym";
				ENABLE_NS_ASSERTIONS = NO;
				ENABLE_STRICT_OBJC_MSGSEND = YES;
				GCC_C_LANGUAGE_STANDARD = gnu11;
				GCC_NO_COMMON_BLOCKS = YES;
				GCC_WARN_64_TO_32_BIT_CONVERSION = YES;
				GCC_WARN_ABOUT_RETURN_TYPE = YES_ERROR;
				GCC_WARN_UNDECLARED_SELECTOR = YES;
				GCC_WARN_UNINITIALIZED_AUTOS = YES_AGGRESSIVE;
				GCC_WARN_UNUSED_FUNCTION = YES;
				GCC_WARN_UNUSED_VARIABLE = YES;
				IPHONEOS_DEPLOYMENT_TARGET = 13.0;
				MTL_ENABLE_DEBUG_INFO = NO;
				MTL_FAST_MATH = YES;
				SDKROOT = iphoneos;
				SWIFT_COMPILATION_MODE = wholemodule;
				SWIFT_OPTIMIZATION_LEVEL = "-O";
				VALIDATE_PRODUCT = YES;
			};
			name = Release;
		};
		4D68815A24C6AE4600494532 /* Debug */ = {
			isa = XCBuildConfiguration;
			buildSettings = {
				ASSETCATALOG_COMPILER_APPICON_NAME = AppIcon;
				CODE_SIGN_STYLE = Automatic;
				INFOPLIST_FILE = Spider/Info.plist;
				IPHONEOS_DEPLOYMENT_TARGET = 10.0;
				LD_RUNPATH_SEARCH_PATHS = (
					"$(inherited)",
					"@executable_path/Frameworks",
				);
				PRODUCT_BUNDLE_IDENTIFIER = phaser.Spider;
				PRODUCT_NAME = "$(TARGET_NAME)";
				SWIFT_VERSION = 5.0;
				TARGETED_DEVICE_FAMILY = "1,2";
			};
			name = Debug;
		};
		4D68815B24C6AE4600494532 /* Release */ = {
			isa = XCBuildConfiguration;
			buildSettings = {
				ASSETCATALOG_COMPILER_APPICON_NAME = AppIcon;
				CODE_SIGN_STYLE = Automatic;
				INFOPLIST_FILE = Spider/Info.plist;
				IPHONEOS_DEPLOYMENT_TARGET = 10.0;
				LD_RUNPATH_SEARCH_PATHS = (
					"$(inherited)",
					"@executable_path/Frameworks",
				);
				PRODUCT_BUNDLE_IDENTIFIER = phaser.Spider;
				PRODUCT_NAME = "$(TARGET_NAME)";
				SWIFT_VERSION = 5.0;
				TARGETED_DEVICE_FAMILY = "1,2";
			};
			name = Release;
		};
		4D68815D24C6AE4600494532 /* Debug */ = {
			isa = XCBuildConfiguration;
			buildSettings = {
				ALWAYS_EMBED_SWIFT_STANDARD_LIBRARIES = YES;
				BUNDLE_LOADER = "$(TEST_HOST)";
				CODE_SIGN_STYLE = Automatic;
				INFOPLIST_FILE = SpiderTests/Info.plist;
				IPHONEOS_DEPLOYMENT_TARGET = 13.6;
				LD_RUNPATH_SEARCH_PATHS = (
					"$(inherited)",
					"@executable_path/Frameworks",
					"@loader_path/Frameworks",
				);
				PRODUCT_BUNDLE_IDENTIFIER = phaser.SpiderTests;
				PRODUCT_NAME = "$(TARGET_NAME)";
				SWIFT_VERSION = 5.0;
				TARGETED_DEVICE_FAMILY = "1,2";
				TEST_HOST = "$(BUILT_PRODUCTS_DIR)/Spider.app/Spider";
			};
			name = Debug;
		};
		4D68815E24C6AE4600494532 /* Release */ = {
			isa = XCBuildConfiguration;
			buildSettings = {
				ALWAYS_EMBED_SWIFT_STANDARD_LIBRARIES = YES;
				BUNDLE_LOADER = "$(TEST_HOST)";
				CODE_SIGN_STYLE = Automatic;
				INFOPLIST_FILE = SpiderTests/Info.plist;
				IPHONEOS_DEPLOYMENT_TARGET = 13.6;
				LD_RUNPATH_SEARCH_PATHS = (
					"$(inherited)",
					"@executable_path/Frameworks",
					"@loader_path/Frameworks",
				);
				PRODUCT_BUNDLE_IDENTIFIER = phaser.SpiderTests;
				PRODUCT_NAME = "$(TARGET_NAME)";
				SWIFT_VERSION = 5.0;
				TARGETED_DEVICE_FAMILY = "1,2";
				TEST_HOST = "$(BUILT_PRODUCTS_DIR)/Spider.app/Spider";
			};
			name = Release;
		};
		4D68816024C6AE4600494532 /* Debug */ = {
			isa = XCBuildConfiguration;
			buildSettings = {
				ALWAYS_EMBED_SWIFT_STANDARD_LIBRARIES = YES;
				CODE_SIGN_STYLE = Automatic;
				INFOPLIST_FILE = SpiderUITests/Info.plist;
				LD_RUNPATH_SEARCH_PATHS = (
					"$(inherited)",
					"@executable_path/Frameworks",
					"@loader_path/Frameworks",
				);
				PRODUCT_BUNDLE_IDENTIFIER = phaser.SpiderUITests;
				PRODUCT_NAME = "$(TARGET_NAME)";
				SWIFT_VERSION = 5.0;
				TARGETED_DEVICE_FAMILY = "1,2";
				TEST_TARGET_NAME = Spider;
			};
			name = Debug;
		};
		4D68816124C6AE4600494532 /* Release */ = {
			isa = XCBuildConfiguration;
			buildSettings = {
				ALWAYS_EMBED_SWIFT_STANDARD_LIBRARIES = YES;
				CODE_SIGN_STYLE = Automatic;
				INFOPLIST_FILE = SpiderUITests/Info.plist;
				LD_RUNPATH_SEARCH_PATHS = (
					"$(inherited)",
					"@executable_path/Frameworks",
					"@loader_path/Frameworks",
				);
				PRODUCT_BUNDLE_IDENTIFIER = phaser.SpiderUITests;
				PRODUCT_NAME = "$(TARGET_NAME)";
				SWIFT_VERSION = 5.0;
				TARGETED_DEVICE_FAMILY = "1,2";
				TEST_TARGET_NAME = Spider;
			};
			name = Release;
		};
/* End XCBuildConfiguration section */

/* Begin XCConfigurationList section */
		4D68812A24C6AE4400494532 /* Build configuration list for PBXProject "Spider" */ = {
			isa = XCConfigurationList;
			buildConfigurations = (
				4D68815724C6AE4600494532 /* Debug */,
				4D68815824C6AE4600494532 /* Release */,
			);
			defaultConfigurationIsVisible = 0;
			defaultConfigurationName = Release;
		};
		4D68815924C6AE4600494532 /* Build configuration list for PBXNativeTarget "Spider" */ = {
			isa = XCConfigurationList;
			buildConfigurations = (
				4D68815A24C6AE4600494532 /* Debug */,
				4D68815B24C6AE4600494532 /* Release */,
			);
			defaultConfigurationIsVisible = 0;
			defaultConfigurationName = Release;
		};
		4D68815C24C6AE4600494532 /* Build configuration list for PBXNativeTarget "SpiderTests" */ = {
			isa = XCConfigurationList;
			buildConfigurations = (
				4D68815D24C6AE4600494532 /* Debug */,
				4D68815E24C6AE4600494532 /* Release */,
			);
			defaultConfigurationIsVisible = 0;
			defaultConfigurationName = Release;
		};
		4D68815F24C6AE4600494532 /* Build configuration list for PBXNativeTarget "SpiderUITests" */ = {
			isa = XCConfigurationList;
			buildConfigurations = (
				4D68816024C6AE4600494532 /* Debug */,
				4D68816124C6AE4600494532 /* Release */,
			);
			defaultConfigurationIsVisible = 0;
			defaultConfigurationName = Release;
		};
/* End XCConfigurationList section */
	};
	rootObject = 4D68812724C6AE4400494532 /* Project object */;
}
